// !$*UTF8*$!
{
	archiveVersion = 1;
	classes = {
	};
	objectVersion = 50;
	objects = {

/* Begin PBXBuildFile section */
		6015F66B22DFBAD40044974A /* AppDelegate.swift in Sources */ = {isa = PBXBuildFile; fileRef = 6015F66A22DFBAD40044974A /* AppDelegate.swift */; };
		6015F66D22DFBAD40044974A /* ViewController.swift in Sources */ = {isa = PBXBuildFile; fileRef = 6015F66C22DFBAD40044974A /* ViewController.swift */; };
		6015F67022DFBAD40044974A /* Main.storyboard in Resources */ = {isa = PBXBuildFile; fileRef = 6015F66E22DFBAD40044974A /* Main.storyboard */; };
		6015F67222DFBAD80044974A /* Assets.xcassets in Resources */ = {isa = PBXBuildFile; fileRef = 6015F67122DFBAD80044974A /* Assets.xcassets */; };
		6015F67522DFBAD80044974A /* LaunchScreen.storyboard in Resources */ = {isa = PBXBuildFile; fileRef = 6015F67322DFBAD80044974A /* LaunchScreen.storyboard */; };
		6015F67D22DFBDD70044974A /* README.md in Resources */ = {isa = PBXBuildFile; fileRef = 6015F67C22DFBDD70044974A /* README.md */; };
		601A77E122E031DE00B00AA4 /* GenericStore.swift in Sources */ = {isa = PBXBuildFile; fileRef = 601A77E022E031DE00B00AA4 /* GenericStore.swift */; };
		601A77E322E0332700B00AA4 /* RegionAnnotationsStore.swift in Sources */ = {isa = PBXBuildFile; fileRef = 601A77E222E0332700B00AA4 /* RegionAnnotationsStore.swift */; };
		601A77E522E0339700B00AA4 /* RegionAnnotation.swift in Sources */ = {isa = PBXBuildFile; fileRef = 601A77E422E0339700B00AA4 /* RegionAnnotation.swift */; };
		601A77E722E0404A00B00AA4 /* RegionNotification.swift in Sources */ = {isa = PBXBuildFile; fileRef = 601A77E622E0404A00B00AA4 /* RegionNotification.swift */; };
		601A77E922E0408100B00AA4 /* RegionNotificationsStore.swift in Sources */ = {isa = PBXBuildFile; fileRef = 601A77E822E0408100B00AA4 /* RegionNotificationsStore.swift */; };
/* End PBXBuildFile section */

/* Begin PBXFileReference section */
		6015F66722DFBAD40044974A /* RegionMonitor.app */ = {isa = PBXFileReference; explicitFileType = wrapper.application; includeInIndex = 0; path = RegionMonitor.app; sourceTree = BUILT_PRODUCTS_DIR; };
		6015F66A22DFBAD40044974A /* AppDelegate.swift */ = {isa = PBXFileReference; lastKnownFileType = sourcecode.swift; path = AppDelegate.swift; sourceTree = "<group>"; };
		6015F66C22DFBAD40044974A /* ViewController.swift */ = {isa = PBXFileReference; lastKnownFileType = sourcecode.swift; path = ViewController.swift; sourceTree = "<group>"; };
		6015F66F22DFBAD40044974A /* Base */ = {isa = PBXFileReference; lastKnownFileType = file.storyboard; name = Base; path = Base.lproj/Main.storyboard; sourceTree = "<group>"; };
		6015F67122DFBAD80044974A /* Assets.xcassets */ = {isa = PBXFileReference; lastKnownFileType = folder.assetcatalog; path = Assets.xcassets; sourceTree = "<group>"; };
		6015F67422DFBAD80044974A /* Base */ = {isa = PBXFileReference; lastKnownFileType = file.storyboard; name = Base; path = Base.lproj/LaunchScreen.storyboard; sourceTree = "<group>"; };
		6015F67622DFBAD80044974A /* Info.plist */ = {isa = PBXFileReference; lastKnownFileType = text.plist.xml; path = Info.plist; sourceTree = "<group>"; };
		6015F67C22DFBDD70044974A /* README.md */ = {isa = PBXFileReference; fileEncoding = 4; lastKnownFileType = net.daringfireball.markdown; path = README.md; sourceTree = "<group>"; };
		601A77E022E031DE00B00AA4 /* GenericStore.swift */ = {isa = PBXFileReference; lastKnownFileType = sourcecode.swift; name = GenericStore.swift; path = ../../../../../../../../System/Volumes/Data/Users/emile/Projects/Portfolio/SwiftExamples/RegionMonitor/Sources/Store/GenericStore.swift; sourceTree = "<group>"; };
		601A77E222E0332700B00AA4 /* RegionAnnotationsStore.swift */ = {isa = PBXFileReference; lastKnownFileType = sourcecode.swift; name = RegionAnnotationsStore.swift; path = ../../../../../../../../System/Volumes/Data/Users/emile/Projects/Portfolio/SwiftExamples/RegionMonitor/Sources/Store/RegionAnnotationsStore.swift; sourceTree = "<group>"; };
		601A77E422E0339700B00AA4 /* RegionAnnotation.swift */ = {isa = PBXFileReference; lastKnownFileType = sourcecode.swift; name = RegionAnnotation.swift; path = ../../../../../../../../System/Volumes/Data/Users/emile/Projects/Portfolio/SwiftExamples/RegionMonitor/Sources/Model/RegionAnnotation.swift; sourceTree = "<group>"; };
		601A77E622E0404A00B00AA4 /* RegionNotification.swift */ = {isa = PBXFileReference; lastKnownFileType = sourcecode.swift; name = RegionNotification.swift; path = ../../../../../../../../System/Volumes/Data/Users/emile/Projects/Portfolio/SwiftExamples/RegionMonitor/Sources/Model/RegionNotification.swift; sourceTree = "<group>"; };
		601A77E822E0408100B00AA4 /* RegionNotificationsStore.swift */ = {isa = PBXFileReference; lastKnownFileType = sourcecode.swift; name = RegionNotificationsStore.swift; path = ../../../../../../../../System/Volumes/Data/Users/emile/Projects/Portfolio/SwiftExamples/RegionMonitor/Sources/Store/RegionNotificationsStore.swift; sourceTree = "<group>"; };
/* End PBXFileReference section */

/* Begin PBXFrameworksBuildPhase section */
		6015F66422DFBAD40044974A /* Frameworks */ = {
			isa = PBXFrameworksBuildPhase;
			buildActionMask = 2147483647;
			files = (
			);
			runOnlyForDeploymentPostprocessing = 0;
		};
/* End PBXFrameworksBuildPhase section */

/* Begin PBXGroup section */
		6015F65E22DFBAD40044974A = {
			isa = PBXGroup;
			children = (
				6015F67C22DFBDD70044974A /* README.md */,
				6015F66922DFBAD40044974A /* Sources */,
				6015F67E22DFBE090044974A /* Resources */,
				6015F66822DFBAD40044974A /* Products */,
			);
			sourceTree = "<group>";
		};
		6015F66822DFBAD40044974A /* Products */ = {
			isa = PBXGroup;
			children = (
				6015F66722DFBAD40044974A /* RegionMonitor.app */,
			);
			name = Products;
			sourceTree = "<group>";
		};
		6015F66922DFBAD40044974A /* Sources */ = {
			isa = PBXGroup;
			children = (
				6015F66A22DFBAD40044974A /* AppDelegate.swift */,
				601A77DA22E030B700B00AA4 /* View */,
				601A77DC22E0311E00B00AA4 /* Model */,
				601A77DD22E0312700B00AA4 /* Notifications */,
				601A77DF22E0315A00B00AA4 /* Store */,
				601A77D922E030AE00B00AA4 /* UItil */,
			);
			path = Sources;
			sourceTree = "<group>";
		};
		6015F67E22DFBE090044974A /* Resources */ = {
			isa = PBXGroup;
			children = (
				6015F67622DFBAD80044974A /* Info.plist */,
				6015F67F22DFBE4B0044974A /* Assets */,
			);
			path = Resources;
			sourceTree = "<group>";
		};
		6015F67F22DFBE4B0044974A /* Assets */ = {
			isa = PBXGroup;
			children = (
				6015F66E22DFBAD40044974A /* Main.storyboard */,
				6015F67122DFBAD80044974A /* Assets.xcassets */,
				6015F67322DFBAD80044974A /* LaunchScreen.storyboard */,
			);
			path = Assets;
			sourceTree = "<group>";
		};
		601A77D922E030AE00B00AA4 /* UItil */ = {
			isa = PBXGroup;
			children = (
				601A77DB22E030D500B00AA4 /* Extensions */,
			);
			path = UItil;
			sourceTree = "<group>";
		};
		601A77DA22E030B700B00AA4 /* View */ = {
			isa = PBXGroup;
			children = (
				6015F66C22DFBAD40044974A /* ViewController.swift */,
				601A77DE22E0314A00B00AA4 /* Cell */,
			);
			path = View;
			sourceTree = "<group>";
		};
		601A77DB22E030D500B00AA4 /* Extensions */ = {
			isa = PBXGroup;
			children = (
			);
			path = Extensions;
			sourceTree = "<group>";
		};
		601A77DC22E0311E00B00AA4 /* Model */ = {
			isa = PBXGroup;
			children = (
				601A77E422E0339700B00AA4 /* RegionAnnotation.swift */,
				601A77E622E0404A00B00AA4 /* RegionNotification.swift */,
			);
			path = Model;
			sourceTree = "<group>";
		};
		601A77DD22E0312700B00AA4 /* Notifications */ = {
			isa = PBXGroup;
			children = (
			);
			path = Notifications;
			sourceTree = "<group>";
		};
		601A77DE22E0314A00B00AA4 /* Cell */ = {
			isa = PBXGroup;
			children = (
			);
			path = Cell;
			sourceTree = "<group>";
		};
		601A77DF22E0315A00B00AA4 /* Store */ = {
			isa = PBXGroup;
			children = (
				601A77E022E031DE00B00AA4 /* GenericStore.swift */,
				601A77E222E0332700B00AA4 /* RegionAnnotationsStore.swift */,
				601A77E822E0408100B00AA4 /* RegionNotificationsStore.swift */,
			);
			path = Store;
			sourceTree = "<group>";
		};
/* End PBXGroup section */

/* Begin PBXNativeTarget section */
		6015F66622DFBAD40044974A /* RegionMonitor */ = {
			isa = PBXNativeTarget;
			buildConfigurationList = 6015F67922DFBAD80044974A /* Build configuration list for PBXNativeTarget "RegionMonitor" */;
			buildPhases = (
				6015F66322DFBAD40044974A /* Sources */,
				6015F66422DFBAD40044974A /* Frameworks */,
				6015F66522DFBAD40044974A /* Resources */,
			);
			buildRules = (
			);
			dependencies = (
			);
			name = RegionMonitor;
			productName = RegionMonitor;
			productReference = 6015F66722DFBAD40044974A /* RegionMonitor.app */;
			productType = "com.apple.product-type.application";
		};
/* End PBXNativeTarget section */

/* Begin PBXProject section */
		6015F65F22DFBAD40044974A /* Project object */ = {
			isa = PBXProject;
			attributes = {
				LastSwiftUpdateCheck = 1020;
				LastUpgradeCheck = 1020;
				ORGANIZATIONNAME = emile;
				TargetAttributes = {
					6015F66622DFBAD40044974A = {
						CreatedOnToolsVersion = 10.2.1;
					};
				};
			};
			buildConfigurationList = 6015F66222DFBAD40044974A /* Build configuration list for PBXProject "RegionMonitor" */;
			compatibilityVersion = "Xcode 9.3";
			developmentRegion = en;
			hasScannedForEncodings = 0;
			knownRegions = (
				en,
				Base,
			);
			mainGroup = 6015F65E22DFBAD40044974A;
			productRefGroup = 6015F66822DFBAD40044974A /* Products */;
			projectDirPath = "";
			projectRoot = "";
			targets = (
				6015F66622DFBAD40044974A /* RegionMonitor */,
			);
		};
/* End PBXProject section */

/* Begin PBXResourcesBuildPhase section */
		6015F66522DFBAD40044974A /* Resources */ = {
			isa = PBXResourcesBuildPhase;
			buildActionMask = 2147483647;
			files = (
				6015F67522DFBAD80044974A /* LaunchScreen.storyboard in Resources */,
				6015F67222DFBAD80044974A /* Assets.xcassets in Resources */,
				6015F67D22DFBDD70044974A /* README.md in Resources */,
				6015F67022DFBAD40044974A /* Main.storyboard in Resources */,
			);
			runOnlyForDeploymentPostprocessing = 0;
		};
/* End PBXResourcesBuildPhase section */

/* Begin PBXSourcesBuildPhase section */
		6015F66322DFBAD40044974A /* Sources */ = {
			isa = PBXSourcesBuildPhase;
			buildActionMask = 2147483647;
			files = (
				6015F66D22DFBAD40044974A /* ViewController.swift in Sources */,
				6015F66B22DFBAD40044974A /* AppDelegate.swift in Sources */,
				601A77E322E0332700B00AA4 /* RegionAnnotationsStore.swift in Sources */,
				601A77E122E031DE00B00AA4 /* GenericStore.swift in Sources */,
				601A77E722E0404A00B00AA4 /* RegionNotification.swift in Sources */,
				601A77E522E0339700B00AA4 /* RegionAnnotation.swift in Sources */,
				601A77E922E0408100B00AA4 /* RegionNotificationsStore.swift in Sources */,
			);
			runOnlyForDeploymentPostprocessing = 0;
		};
/* End PBXSourcesBuildPhase section */

/* Begin PBXVariantGroup section */
		6015F66E22DFBAD40044974A /* Main.storyboard */ = {
			isa = PBXVariantGroup;
			children = (
				6015F66F22DFBAD40044974A /* Base */,
			);
			name = Main.storyboard;
			sourceTree = "<group>";
		};
		6015F67322DFBAD80044974A /* LaunchScreen.storyboard */ = {
			isa = PBXVariantGroup;
			children = (
				6015F67422DFBAD80044974A /* Base */,
			);
			name = LaunchScreen.storyboard;
			sourceTree = "<group>";
		};
/* End PBXVariantGroup section */

/* Begin XCBuildConfiguration section */
		6015F67722DFBAD80044974A /* Debug */ = {
			isa = XCBuildConfiguration;
			buildSettings = {
				ALWAYS_SEARCH_USER_PATHS = NO;
				CLANG_ANALYZER_NONNULL = YES;
				CLANG_ANALYZER_NUMBER_OBJECT_CONVERSION = YES_AGGRESSIVE;
				CLANG_CXX_LANGUAGE_STANDARD = "gnu++14";
				CLANG_CXX_LIBRARY = "libc++";
				CLANG_ENABLE_MODULES = YES;
				CLANG_ENABLE_OBJC_ARC = YES;
				CLANG_ENABLE_OBJC_WEAK = YES;
				CLANG_WARN_BLOCK_CAPTURE_AUTORELEASING = YES;
				CLANG_WARN_BOOL_CONVERSION = YES;
				CLANG_WARN_COMMA = YES;
				CLANG_WARN_CONSTANT_CONVERSION = YES;
				CLANG_WARN_DEPRECATED_OBJC_IMPLEMENTATIONS = YES;
				CLANG_WARN_DIRECT_OBJC_ISA_USAGE = YES_ERROR;
				CLANG_WARN_DOCUMENTATION_COMMENTS = YES;
				CLANG_WARN_EMPTY_BODY = YES;
				CLANG_WARN_ENUM_CONVERSION = YES;
				CLANG_WARN_INFINITE_RECURSION = YES;
				CLANG_WARN_INT_CONVERSION = YES;
				CLANG_WARN_NON_LITERAL_NULL_CONVERSION = YES;
				CLANG_WARN_OBJC_IMPLICIT_RETAIN_SELF = YES;
				CLANG_WARN_OBJC_LITERAL_CONVERSION = YES;
				CLANG_WARN_OBJC_ROOT_CLASS = YES_ERROR;
				CLANG_WARN_RANGE_LOOP_ANALYSIS = YES;
				CLANG_WARN_STRICT_PROTOTYPES = YES;
				CLANG_WARN_SUSPICIOUS_MOVE = YES;
				CLANG_WARN_UNGUARDED_AVAILABILITY = YES_AGGRESSIVE;
				CLANG_WARN_UNREACHABLE_CODE = YES;
				CLANG_WARN__DUPLICATE_METHOD_MATCH = YES;
				CODE_SIGN_IDENTITY = "iPhone Developer";
				COPY_PHASE_STRIP = NO;
				DEBUG_INFORMATION_FORMAT = dwarf;
				ENABLE_STRICT_OBJC_MSGSEND = YES;
				ENABLE_TESTABILITY = YES;
				GCC_C_LANGUAGE_STANDARD = gnu11;
				GCC_DYNAMIC_NO_PIC = NO;
				GCC_NO_COMMON_BLOCKS = YES;
				GCC_OPTIMIZATION_LEVEL = 0;
				GCC_PREPROCESSOR_DEFINITIONS = (
					"DEBUG=1",
					"$(inherited)",
				);
				GCC_WARN_64_TO_32_BIT_CONVERSION = YES;
				GCC_WARN_ABOUT_RETURN_TYPE = YES_ERROR;
				GCC_WARN_UNDECLARED_SELECTOR = YES;
				GCC_WARN_UNINITIALIZED_AUTOS = YES_AGGRESSIVE;
				GCC_WARN_UNUSED_FUNCTION = YES;
				GCC_WARN_UNUSED_VARIABLE = YES;
				IPHONEOS_DEPLOYMENT_TARGET = 12.2;
				MTL_ENABLE_DEBUG_INFO = INCLUDE_SOURCE;
				MTL_FAST_MATH = YES;
				ONLY_ACTIVE_ARCH = YES;
				SDKROOT = iphoneos;
				SWIFT_ACTIVE_COMPILATION_CONDITIONS = DEBUG;
				SWIFT_OPTIMIZATION_LEVEL = "-Onone";
			};
			name = Debug;
		};
		6015F67822DFBAD80044974A /* Release */ = {
			isa = XCBuildConfiguration;
			buildSettings = {
				ALWAYS_SEARCH_USER_PATHS = NO;
				CLANG_ANALYZER_NONNULL = YES;
				CLANG_ANALYZER_NUMBER_OBJECT_CONVERSION = YES_AGGRESSIVE;
				CLANG_CXX_LANGUAGE_STANDARD = "gnu++14";
				CLANG_CXX_LIBRARY = "libc++";
				CLANG_ENABLE_MODULES = YES;
				CLANG_ENABLE_OBJC_ARC = YES;
				CLANG_ENABLE_OBJC_WEAK = YES;
				CLANG_WARN_BLOCK_CAPTURE_AUTORELEASING = YES;
				CLANG_WARN_BOOL_CONVERSION = YES;
				CLANG_WARN_COMMA = YES;
				CLANG_WARN_CONSTANT_CONVERSION = YES;
				CLANG_WARN_DEPRECATED_OBJC_IMPLEMENTATIONS = YES;
				CLANG_WARN_DIRECT_OBJC_ISA_USAGE = YES_ERROR;
				CLANG_WARN_DOCUMENTATION_COMMENTS = YES;
				CLANG_WARN_EMPTY_BODY = YES;
				CLANG_WARN_ENUM_CONVERSION = YES;
				CLANG_WARN_INFINITE_RECURSION = YES;
				CLANG_WARN_INT_CONVERSION = YES;
				CLANG_WARN_NON_LITERAL_NULL_CONVERSION = YES;
				CLANG_WARN_OBJC_IMPLICIT_RETAIN_SELF = YES;
				CLANG_WARN_OBJC_LITERAL_CONVERSION = YES;
				CLANG_WARN_OBJC_ROOT_CLASS = YES_ERROR;
				CLANG_WARN_RANGE_LOOP_ANALYSIS = YES;
				CLANG_WARN_STRICT_PROTOTYPES = YES;
				CLANG_WARN_SUSPICIOUS_MOVE = YES;
				CLANG_WARN_UNGUARDED_AVAILABILITY = YES_AGGRESSIVE;
				CLANG_WARN_UNREACHABLE_CODE = YES;
				CLANG_WARN__DUPLICATE_METHOD_MATCH = YES;
				CODE_SIGN_IDENTITY = "iPhone Developer";
				COPY_PHASE_STRIP = NO;
				DEBUG_INFORMATION_FORMAT = "dwarf-with-dsym";
				ENABLE_NS_ASSERTIONS = NO;
				ENABLE_STRICT_OBJC_MSGSEND = YES;
				GCC_C_LANGUAGE_STANDARD = gnu11;
				GCC_NO_COMMON_BLOCKS = YES;
				GCC_WARN_64_TO_32_BIT_CONVERSION = YES;
				GCC_WARN_ABOUT_RETURN_TYPE = YES_ERROR;
				GCC_WARN_UNDECLARED_SELECTOR = YES;
				GCC_WARN_UNINITIALIZED_AUTOS = YES_AGGRESSIVE;
				GCC_WARN_UNUSED_FUNCTION = YES;
				GCC_WARN_UNUSED_VARIABLE = YES;
				IPHONEOS_DEPLOYMENT_TARGET = 12.2;
				MTL_ENABLE_DEBUG_INFO = NO;
				MTL_FAST_MATH = YES;
				SDKROOT = iphoneos;
				SWIFT_COMPILATION_MODE = wholemodule;
				SWIFT_OPTIMIZATION_LEVEL = "-O";
				VALIDATE_PRODUCT = YES;
			};
			name = Release;
		};
		6015F67A22DFBAD80044974A /* Debug */ = {
			isa = XCBuildConfiguration;
			buildSettings = {
				ASSETCATALOG_COMPILER_APPICON_NAME = AppIcon;
				CODE_SIGN_STYLE = Automatic;
				DEVELOPMENT_TEAM = 7R2H7J9PW2;
				INFOPLIST_FILE = "$(SRCROOT)/Resources/Info.plist";
				LD_RUNPATH_SEARCH_PATHS = (
					"$(inherited)",
					"@executable_path/Frameworks",
				);
				PRODUCT_BUNDLE_IDENTIFIER = com.blueantcorp.RegionMonitor;
				PRODUCT_NAME = "$(TARGET_NAME)";
				SWIFT_VERSION = 5.0;
				TARGETED_DEVICE_FAMILY = "1,2";
			};
			name = Debug;
		};
		6015F67B22DFBAD80044974A /* Release */ = {
			isa = XCBuildConfiguration;
			buildSettings = {
				ASSETCATALOG_COMPILER_APPICON_NAME = AppIcon;
				CODE_SIGN_STYLE = Automatic;
				DEVELOPMENT_TEAM = 7R2H7J9PW2;
				INFOPLIST_FILE = "$(SRCROOT)/Resources/Info.plist";
				LD_RUNPATH_SEARCH_PATHS = (
					"$(inherited)",
					"@executable_path/Frameworks",
				);
				PRODUCT_BUNDLE_IDENTIFIER = com.blueantcorp.RegionMonitor;
				PRODUCT_NAME = "$(TARGET_NAME)";
				SWIFT_VERSION = 5.0;
				TARGETED_DEVICE_FAMILY = "1,2";
			};
			name = Release;
		};
/* End XCBuildConfiguration section */

/* Begin XCConfigurationList section */
		6015F66222DFBAD40044974A /* Build configuration list for PBXProject "RegionMonitor" */ = {
			isa = XCConfigurationList;
			buildConfigurations = (
				6015F67722DFBAD80044974A /* Debug */,
				6015F67822DFBAD80044974A /* Release */,
			);
			defaultConfigurationIsVisible = 0;
			defaultConfigurationName = Release;
		};
		6015F67922DFBAD80044974A /* Build configuration list for PBXNativeTarget "RegionMonitor" */ = {
			isa = XCConfigurationList;
			buildConfigurations = (
				6015F67A22DFBAD80044974A /* Debug */,
				6015F67B22DFBAD80044974A /* Release */,
			);
			defaultConfigurationIsVisible = 0;
			defaultConfigurationName = Release;
		};
/* End XCConfigurationList section */
	};
	rootObject = 6015F65F22DFBAD40044974A /* Project object */;
}
