// !$*UTF8*$!
{
	archiveVersion = 1;
	classes = {
	};
	objectVersion = 50;
	objects = {

/* Begin PBXBuildFile section */
		6000EE5522E2142A0004CB16 /* AppDelegate.swift in Sources */ = {isa = PBXBuildFile; fileRef = 6000EE5422E2142A0004CB16 /* AppDelegate.swift */; };
		6000EE5722E2142A0004CB16 /* SceneDelegate.swift in Sources */ = {isa = PBXBuildFile; fileRef = 6000EE5622E2142A0004CB16 /* SceneDelegate.swift */; };
		6000EE5922E2142A0004CB16 /* ContentView.swift in Sources */ = {isa = PBXBuildFile; fileRef = 6000EE5822E2142A0004CB16 /* ContentView.swift */; };
		6000EE5B22E2142D0004CB16 /* Assets.xcassets in Resources */ = {isa = PBXBuildFile; fileRef = 6000EE5A22E2142D0004CB16 /* Assets.xcassets */; };
		6000EE5E22E2142D0004CB16 /* Preview Assets.xcassets in Resources */ = {isa = PBXBuildFile; fileRef = 6000EE5D22E2142D0004CB16 /* Preview Assets.xcassets */; };
		6000EE6122E2142D0004CB16 /* LaunchScreen.storyboard in Resources */ = {isa = PBXBuildFile; fileRef = 6000EE5F22E2142D0004CB16 /* LaunchScreen.storyboard */; };
		6000EE6922E214F30004CB16 /* README.md in Resources */ = {isa = PBXBuildFile; fileRef = 6000EE6822E214F30004CB16 /* README.md */; };
/* End PBXBuildFile section */

/* Begin PBXFileReference section */
		6000EE5122E2142A0004CB16 /* LocalizeExample.app */ = {isa = PBXFileReference; explicitFileType = wrapper.application; includeInIndex = 0; path = LocalizeExample.app; sourceTree = BUILT_PRODUCTS_DIR; };
		6000EE5422E2142A0004CB16 /* AppDelegate.swift */ = {isa = PBXFileReference; lastKnownFileType = sourcecode.swift; path = AppDelegate.swift; sourceTree = "<group>"; };
		6000EE5622E2142A0004CB16 /* SceneDelegate.swift */ = {isa = PBXFileReference; lastKnownFileType = sourcecode.swift; path = SceneDelegate.swift; sourceTree = "<group>"; };
		6000EE5822E2142A0004CB16 /* ContentView.swift */ = {isa = PBXFileReference; lastKnownFileType = sourcecode.swift; path = ContentView.swift; sourceTree = "<group>"; };
		6000EE5A22E2142D0004CB16 /* Assets.xcassets */ = {isa = PBXFileReference; lastKnownFileType = folder.assetcatalog; path = Assets.xcassets; sourceTree = "<group>"; };
		6000EE5D22E2142D0004CB16 /* Preview Assets.xcassets */ = {isa = PBXFileReference; lastKnownFileType = folder.assetcatalog; path = "Preview Assets.xcassets"; sourceTree = "<group>"; };
		6000EE6022E2142D0004CB16 /* Base */ = {isa = PBXFileReference; lastKnownFileType = file.storyboard; name = Base; path = Base.lproj/LaunchScreen.storyboard; sourceTree = "<group>"; };
		6000EE6222E2142D0004CB16 /* Info.plist */ = {isa = PBXFileReference; lastKnownFileType = text.plist.xml; path = Info.plist; sourceTree = "<group>"; };
		6000EE6822E214F30004CB16 /* README.md */ = {isa = PBXFileReference; fileEncoding = 4; lastKnownFileType = net.daringfireball.markdown; name = README.md; path = ../../../../../../../../../Users/emile/Projects/Portfolio/SwiftExamples/LocalizeExample/README.md; sourceTree = "<group>"; };
/* End PBXFileReference section */

/* Begin PBXFrameworksBuildPhase section */
		6000EE4E22E2142A0004CB16 /* Frameworks */ = {
			isa = PBXFrameworksBuildPhase;
			buildActionMask = 2147483647;
			files = (
			);
			runOnlyForDeploymentPostprocessing = 0;
		};
/* End PBXFrameworksBuildPhase section */

/* Begin PBXGroup section */
		6000EE4822E2142A0004CB16 = {
			isa = PBXGroup;
			children = (
				6000EE6822E214F30004CB16 /* README.md */,
				6000EE5322E2142A0004CB16 /* Source */,
				6000EE6A22E215410004CB16 /* Resources */,
				6000EE5222E2142A0004CB16 /* Products */,
			);
			sourceTree = "<group>";
		};
		6000EE5222E2142A0004CB16 /* Products */ = {
			isa = PBXGroup;
			children = (
				6000EE5122E2142A0004CB16 /* LocalizeExample.app */,
			);
			name = Products;
			sourceTree = "<group>";
		};
		6000EE5322E2142A0004CB16 /* Source */ = {
			isa = PBXGroup;
			children = (
				6000EE5422E2142A0004CB16 /* AppDelegate.swift */,
				6000EE5622E2142A0004CB16 /* SceneDelegate.swift */,
				6000EE5822E2142A0004CB16 /* ContentView.swift */,
			);
			path = Source;
			sourceTree = "<group>";
		};
		6000EE5C22E2142D0004CB16 /* Preview Content */ = {
			isa = PBXGroup;
			children = (
				6000EE5D22E2142D0004CB16 /* Preview Assets.xcassets */,
			);
			path = "Preview Content";
			sourceTree = "<group>";
		};
		6000EE6A22E215410004CB16 /* Resources */ = {
			isa = PBXGroup;
			children = (
				6000EE6222E2142D0004CB16 /* Info.plist */,
				6000EE6B22E2156F0004CB16 /* Assets */,
				6000EE5C22E2142D0004CB16 /* Preview Content */,
			);
			path = Resources;
			sourceTree = "<group>";
		};
		6000EE6B22E2156F0004CB16 /* Assets */ = {
			isa = PBXGroup;
			children = (
				6000EE5A22E2142D0004CB16 /* Assets.xcassets */,
				6000EE5F22E2142D0004CB16 /* LaunchScreen.storyboard */,
			);
			path = Assets;
			sourceTree = "<group>";
		};
/* End PBXGroup section */

/* Begin PBXNativeTarget section */
		6000EE5022E2142A0004CB16 /* LocalizeExample */ = {
			isa = PBXNativeTarget;
			buildConfigurationList = 6000EE6522E2142D0004CB16 /* Build configuration list for PBXNativeTarget "LocalizeExample" */;
			buildPhases = (
				6000EE4D22E2142A0004CB16 /* Sources */,
				6000EE4E22E2142A0004CB16 /* Frameworks */,
				6000EE4F22E2142A0004CB16 /* Resources */,
			);
			buildRules = (
			);
			dependencies = (
			);
			name = LocalizeExample;
			productName = LocalizeExample;
			productReference = 6000EE5122E2142A0004CB16 /* LocalizeExample.app */;
			productType = "com.apple.product-type.application";
		};
/* End PBXNativeTarget section */

/* Begin PBXProject section */
		6000EE4922E2142A0004CB16 /* Project object */ = {
			isa = PBXProject;
			attributes = {
				LastSwiftUpdateCheck = 1100;
				LastUpgradeCheck = 1100;
				ORGANIZATIONNAME = emile;
				TargetAttributes = {
					6000EE5022E2142A0004CB16 = {
						CreatedOnToolsVersion = 11.0;
					};
				};
			};
			buildConfigurationList = 6000EE4C22E2142A0004CB16 /* Build configuration list for PBXProject "LocalizeExample" */;
			compatibilityVersion = "Xcode 9.3";
			developmentRegion = en;
			hasScannedForEncodings = 0;
			knownRegions = (
				en,
				Base,
			);
			mainGroup = 6000EE4822E2142A0004CB16;
			productRefGroup = 6000EE5222E2142A0004CB16 /* Products */;
			projectDirPath = "";
			projectRoot = "";
			targets = (
				6000EE5022E2142A0004CB16 /* LocalizeExample */,
			);
		};
/* End PBXProject section */

/* Begin PBXResourcesBuildPhase section */
		6000EE4F22E2142A0004CB16 /* Resources */ = {
			isa = PBXResourcesBuildPhase;
			buildActionMask = 2147483647;
			files = (
				6000EE6122E2142D0004CB16 /* LaunchScreen.storyboard in Resources */,
				6000EE5E22E2142D0004CB16 /* Preview Assets.xcassets in Resources */,
				6000EE6922E214F30004CB16 /* README.md in Resources */,
				6000EE5B22E2142D0004CB16 /* Assets.xcassets in Resources */,
			);
			runOnlyForDeploymentPostprocessing = 0;
		};
/* End PBXResourcesBuildPhase section */

/* Begin PBXSourcesBuildPhase section */
		6000EE4D22E2142A0004CB16 /* Sources */ = {
			isa = PBXSourcesBuildPhase;
			buildActionMask = 2147483647;
			files = (
				6000EE5522E2142A0004CB16 /* AppDelegate.swift in Sources */,
				6000EE5722E2142A0004CB16 /* SceneDelegate.swift in Sources */,
				6000EE5922E2142A0004CB16 /* ContentView.swift in Sources */,
			);
			runOnlyForDeploymentPostprocessing = 0;
		};
/* End PBXSourcesBuildPhase section */

/* Begin PBXVariantGroup section */
		6000EE5F22E2142D0004CB16 /* LaunchScreen.storyboard */ = {
			isa = PBXVariantGroup;
			children = (
				6000EE6022E2142D0004CB16 /* Base */,
			);
			name = LaunchScreen.storyboard;
			sourceTree = "<group>";
		};
/* End PBXVariantGroup section */

/* Begin XCBuildConfiguration section */
		6000EE6322E2142D0004CB16 /* Debug */ = {
			isa = XCBuildConfiguration;
			buildSettings = {
				ALWAYS_SEARCH_USER_PATHS = NO;
				CLANG_ANALYZER_NONNULL = YES;
				CLANG_ANALYZER_NUMBER_OBJECT_CONVERSION = YES_AGGRESSIVE;
				CLANG_CXX_LANGUAGE_STANDARD = "gnu++14";
				CLANG_CXX_LIBRARY = "libc++";
				CLANG_ENABLE_MODULES = YES;
				CLANG_ENABLE_OBJC_ARC = YES;
				CLANG_ENABLE_OBJC_WEAK = YES;
				CLANG_WARN_BLOCK_CAPTURE_AUTORELEASING = YES;
				CLANG_WARN_BOOL_CONVERSION = YES;
				CLANG_WARN_COMMA = YES;
				CLANG_WARN_CONSTANT_CONVERSION = YES;
				CLANG_WARN_DEPRECATED_OBJC_IMPLEMENTATIONS = YES;
				CLANG_WARN_DIRECT_OBJC_ISA_USAGE = YES_ERROR;
				CLANG_WARN_DOCUMENTATION_COMMENTS = YES;
				CLANG_WARN_EMPTY_BODY = YES;
				CLANG_WARN_ENUM_CONVERSION = YES;
				CLANG_WARN_INFINITE_RECURSION = YES;
				CLANG_WARN_INT_CONVERSION = YES;
				CLANG_WARN_NON_LITERAL_NULL_CONVERSION = YES;
				CLANG_WARN_OBJC_IMPLICIT_RETAIN_SELF = YES;
				CLANG_WARN_OBJC_LITERAL_CONVERSION = YES;
				CLANG_WARN_OBJC_ROOT_CLASS = YES_ERROR;
				CLANG_WARN_RANGE_LOOP_ANALYSIS = YES;
				CLANG_WARN_STRICT_PROTOTYPES = YES;
				CLANG_WARN_SUSPICIOUS_MOVE = YES;
				CLANG_WARN_UNGUARDED_AVAILABILITY = YES_AGGRESSIVE;
				CLANG_WARN_UNREACHABLE_CODE = YES;
				CLANG_WARN__DUPLICATE_METHOD_MATCH = YES;
				COPY_PHASE_STRIP = NO;
				DEBUG_INFORMATION_FORMAT = dwarf;
				ENABLE_STRICT_OBJC_MSGSEND = YES;
				ENABLE_TESTABILITY = YES;
				GCC_C_LANGUAGE_STANDARD = gnu11;
				GCC_DYNAMIC_NO_PIC = NO;
				GCC_NO_COMMON_BLOCKS = YES;
				GCC_OPTIMIZATION_LEVEL = 0;
				GCC_PREPROCESSOR_DEFINITIONS = (
					"DEBUG=1",
					"$(inherited)",
				);
				GCC_WARN_64_TO_32_BIT_CONVERSION = YES;
				GCC_WARN_ABOUT_RETURN_TYPE = YES_ERROR;
				GCC_WARN_UNDECLARED_SELECTOR = YES;
				GCC_WARN_UNINITIALIZED_AUTOS = YES_AGGRESSIVE;
				GCC_WARN_UNUSED_FUNCTION = YES;
				GCC_WARN_UNUSED_VARIABLE = YES;
				IPHONEOS_DEPLOYMENT_TARGET = 13.0;
				MTL_ENABLE_DEBUG_INFO = INCLUDE_SOURCE;
				MTL_FAST_MATH = YES;
				ONLY_ACTIVE_ARCH = YES;
				SDKROOT = iphoneos;
				SWIFT_ACTIVE_COMPILATION_CONDITIONS = DEBUG;
				SWIFT_OPTIMIZATION_LEVEL = "-Onone";
			};
			name = Debug;
		};
		6000EE6422E2142D0004CB16 /* Release */ = {
			isa = XCBuildConfiguration;
			buildSettings = {
				ALWAYS_SEARCH_USER_PATHS = NO;
				CLANG_ANALYZER_NONNULL = YES;
				CLANG_ANALYZER_NUMBER_OBJECT_CONVERSION = YES_AGGRESSIVE;
				CLANG_CXX_LANGUAGE_STANDARD = "gnu++14";
				CLANG_CXX_LIBRARY = "libc++";
				CLANG_ENABLE_MODULES = YES;
				CLANG_ENABLE_OBJC_ARC = YES;
				CLANG_ENABLE_OBJC_WEAK = YES;
				CLANG_WARN_BLOCK_CAPTURE_AUTORELEASING = YES;
				CLANG_WARN_BOOL_CONVERSION = YES;
				CLANG_WARN_COMMA = YES;
				CLANG_WARN_CONSTANT_CONVERSION = YES;
				CLANG_WARN_DEPRECATED_OBJC_IMPLEMENTATIONS = YES;
				CLANG_WARN_DIRECT_OBJC_ISA_USAGE = YES_ERROR;
				CLANG_WARN_DOCUMENTATION_COMMENTS = YES;
				CLANG_WARN_EMPTY_BODY = YES;
				CLANG_WARN_ENUM_CONVERSION = YES;
				CLANG_WARN_INFINITE_RECURSION = YES;
				CLANG_WARN_INT_CONVERSION = YES;
				CLANG_WARN_NON_LITERAL_NULL_CONVERSION = YES;
				CLANG_WARN_OBJC_IMPLICIT_RETAIN_SELF = YES;
				CLANG_WARN_OBJC_LITERAL_CONVERSION = YES;
				CLANG_WARN_OBJC_ROOT_CLASS = YES_ERROR;
				CLANG_WARN_RANGE_LOOP_ANALYSIS = YES;
				CLANG_WARN_STRICT_PROTOTYPES = YES;
				CLANG_WARN_SUSPICIOUS_MOVE = YES;
				CLANG_WARN_UNGUARDED_AVAILABILITY = YES_AGGRESSIVE;
				CLANG_WARN_UNREACHABLE_CODE = YES;
				CLANG_WARN__DUPLICATE_METHOD_MATCH = YES;
				COPY_PHASE_STRIP = NO;
				DEBUG_INFORMATION_FORMAT = "dwarf-with-dsym";
				ENABLE_NS_ASSERTIONS = NO;
				ENABLE_STRICT_OBJC_MSGSEND = YES;
				GCC_C_LANGUAGE_STANDARD = gnu11;
				GCC_NO_COMMON_BLOCKS = YES;
				GCC_WARN_64_TO_32_BIT_CONVERSION = YES;
				GCC_WARN_ABOUT_RETURN_TYPE = YES_ERROR;
				GCC_WARN_UNDECLARED_SELECTOR = YES;
				GCC_WARN_UNINITIALIZED_AUTOS = YES_AGGRESSIVE;
				GCC_WARN_UNUSED_FUNCTION = YES;
				GCC_WARN_UNUSED_VARIABLE = YES;
				IPHONEOS_DEPLOYMENT_TARGET = 13.0;
				MTL_ENABLE_DEBUG_INFO = NO;
				MTL_FAST_MATH = YES;
				SDKROOT = iphoneos;
				SWIFT_COMPILATION_MODE = wholemodule;
				SWIFT_OPTIMIZATION_LEVEL = "-O";
				VALIDATE_PRODUCT = YES;
			};
			name = Release;
		};
		6000EE6622E2142D0004CB16 /* Debug */ = {
			isa = XCBuildConfiguration;
			buildSettings = {
				ASSETCATALOG_COMPILER_APPICON_NAME = AppIcon;
				CODE_SIGN_STYLE = Automatic;
				DEVELOPMENT_ASSET_PATHS = "Resources/Preview\\ Content";
				DEVELOPMENT_TEAM = 7R2H7J9PW2;
				ENABLE_PREVIEWS = YES;
				INFOPLIST_FILE = "$(SRCROOT)/Resources/Info.plist";
				LD_RUNPATH_SEARCH_PATHS = (
					"$(inherited)",
					"@executable_path/Frameworks",
				);
				PRODUCT_BUNDLE_IDENTIFIER = com.blueantcorp.LocalizeExample;
				PRODUCT_NAME = "$(TARGET_NAME)";
				SWIFT_VERSION = 5.0;
				TARGETED_DEVICE_FAMILY = "1,2";
			};
			name = Debug;
		};
		6000EE6722E2142D0004CB16 /* Release */ = {
			isa = XCBuildConfiguration;
			buildSettings = {
				ASSETCATALOG_COMPILER_APPICON_NAME = AppIcon;
				CODE_SIGN_STYLE = Automatic;
				DEVELOPMENT_ASSET_PATHS = "Resources/Preview\\ Content";
				DEVELOPMENT_TEAM = 7R2H7J9PW2;
				ENABLE_PREVIEWS = YES;
				INFOPLIST_FILE = "$(SRCROOT)/Resources/Info.plist";
				LD_RUNPATH_SEARCH_PATHS = (
					"$(inherited)",
					"@executable_path/Frameworks",
				);
				PRODUCT_BUNDLE_IDENTIFIER = com.blueantcorp.LocalizeExample;
				PRODUCT_NAME = "$(TARGET_NAME)";
				SWIFT_VERSION = 5.0;
				TARGETED_DEVICE_FAMILY = "1,2";
			};
			name = Release;
		};
/* End XCBuildConfiguration section */

/* Begin XCConfigurationList section */
		6000EE4C22E2142A0004CB16 /* Build configuration list for PBXProject "LocalizeExample" */ = {
			isa = XCConfigurationList;
			buildConfigurations = (
				6000EE6322E2142D0004CB16 /* Debug */,
				6000EE6422E2142D0004CB16 /* Release */,
			);
			defaultConfigurationIsVisible = 0;
			defaultConfigurationName = Release;
		};
		6000EE6522E2142D0004CB16 /* Build configuration list for PBXNativeTarget "LocalizeExample" */ = {
			isa = XCConfigurationList;
			buildConfigurations = (
				6000EE6622E2142D0004CB16 /* Debug */,
				6000EE6722E2142D0004CB16 /* Release */,
			);
			defaultConfigurationIsVisible = 0;
			defaultConfigurationName = Release;
		};
/* End XCConfigurationList section */
	};
	rootObject = 6000EE4922E2142A0004CB16 /* Project object */;
}
