// !$*UTF8*$!
{
	archiveVersion = 1;
	classes = {
	};
	objectVersion = 50;
	objects = {

/* Begin PBXBuildFile section */
		605472CE22DA35DA00507202 /* Assets.xcassets in Resources */ = {isa = PBXBuildFile; fileRef = 605472C422DA35DA00507202 /* Assets.xcassets */; };
		605472CF22DA35DA00507202 /* LaunchScreen.storyboard in Resources */ = {isa = PBXBuildFile; fileRef = 605472C522DA35DA00507202 /* LaunchScreen.storyboard */; };
		605472D022DA35DA00507202 /* Main.storyboard in Resources */ = {isa = PBXBuildFile; fileRef = 605472C722DA35DA00507202 /* Main.storyboard */; };
		605472D222DA35DB00507202 /* SettingsController.swift in Sources */ = {isa = PBXBuildFile; fileRef = 605472CB22DA35DA00507202 /* SettingsController.swift */; };
		605472D322DA35DB00507202 /* AppDelegate.swift in Sources */ = {isa = PBXBuildFile; fileRef = 605472CC22DA35DA00507202 /* AppDelegate.swift */; };
		605472D422DA35DB00507202 /* README.md in Resources */ = {isa = PBXBuildFile; fileRef = 605472CD22DA35DA00507202 /* README.md */; };
		60A6712122DC8EA400B781A1 /* LoadingHandler.swift in Sources */ = {isa = PBXBuildFile; fileRef = 60A6712022DC8EA400B781A1 /* LoadingHandler.swift */; };
		60A6712322DC8F1600B781A1 /* Settings.swift in Sources */ = {isa = PBXBuildFile; fileRef = 60A6712222DC8F1600B781A1 /* Settings.swift */; };
		60A6712522DC8F4D00B781A1 /* UIStoryboard.swift in Sources */ = {isa = PBXBuildFile; fileRef = 60A6712422DC8F4D00B781A1 /* UIStoryboard.swift */; };
		60A6712722DC8F8700B781A1 /* UIViewController.swift in Sources */ = {isa = PBXBuildFile; fileRef = 60A6712622DC8F8700B781A1 /* UIViewController.swift */; };
/* End PBXBuildFile section */

/* Begin PBXFileReference section */
		6054729F22DA243500507202 /* StateMachine.app */ = {isa = PBXFileReference; explicitFileType = wrapper.application; includeInIndex = 0; path = StateMachine.app; sourceTree = BUILT_PRODUCTS_DIR; };
		605472C422DA35DA00507202 /* Assets.xcassets */ = {isa = PBXFileReference; lastKnownFileType = folder.assetcatalog; path = Assets.xcassets; sourceTree = "<group>"; };
		605472C622DA35DA00507202 /* Base */ = {isa = PBXFileReference; lastKnownFileType = file.storyboard; name = Base; path = Base.lproj/LaunchScreen.storyboard; sourceTree = "<group>"; };
		605472C822DA35DA00507202 /* Base */ = {isa = PBXFileReference; lastKnownFileType = file.storyboard; name = Base; path = Base.lproj/Main.storyboard; sourceTree = "<group>"; };
		605472C922DA35DA00507202 /* Info.plist */ = {isa = PBXFileReference; fileEncoding = 4; lastKnownFileType = text.plist.xml; path = Info.plist; sourceTree = "<group>"; };
		605472CB22DA35DA00507202 /* SettingsController.swift */ = {isa = PBXFileReference; fileEncoding = 4; lastKnownFileType = sourcecode.swift; path = SettingsController.swift; sourceTree = "<group>"; };
		605472CC22DA35DA00507202 /* AppDelegate.swift */ = {isa = PBXFileReference; fileEncoding = 4; lastKnownFileType = sourcecode.swift; path = AppDelegate.swift; sourceTree = "<group>"; };
		605472CD22DA35DA00507202 /* README.md */ = {isa = PBXFileReference; fileEncoding = 4; lastKnownFileType = net.daringfireball.markdown; path = README.md; sourceTree = "<group>"; };
		60A6712022DC8EA400B781A1 /* LoadingHandler.swift */ = {isa = PBXFileReference; lastKnownFileType = sourcecode.swift; path = LoadingHandler.swift; sourceTree = "<group>"; };
		60A6712222DC8F1600B781A1 /* Settings.swift */ = {isa = PBXFileReference; lastKnownFileType = sourcecode.swift; path = Settings.swift; sourceTree = "<group>"; };
		60A6712422DC8F4D00B781A1 /* UIStoryboard.swift */ = {isa = PBXFileReference; lastKnownFileType = sourcecode.swift; path = UIStoryboard.swift; sourceTree = "<group>"; };
		60A6712622DC8F8700B781A1 /* UIViewController.swift */ = {isa = PBXFileReference; lastKnownFileType = sourcecode.swift; path = UIViewController.swift; sourceTree = "<group>"; };
/* End PBXFileReference section */

/* Begin PBXFrameworksBuildPhase section */
		6054729C22DA243500507202 /* Frameworks */ = {
			isa = PBXFrameworksBuildPhase;
			buildActionMask = 2147483647;
			files = (
			);
			runOnlyForDeploymentPostprocessing = 0;
		};
/* End PBXFrameworksBuildPhase section */

/* Begin PBXGroup section */
		6054729622DA243500507202 = {
			isa = PBXGroup;
			children = (
				605472CD22DA35DA00507202 /* README.md */,
				605472CA22DA35DA00507202 /* Source */,
				605472C322DA35DA00507202 /* Resources */,
				605472A022DA243500507202 /* Products */,
			);
			sourceTree = "<group>";
		};
		605472A022DA243500507202 /* Products */ = {
			isa = PBXGroup;
			children = (
				6054729F22DA243500507202 /* StateMachine.app */,
			);
			name = Products;
			sourceTree = "<group>";
		};
		605472C322DA35DA00507202 /* Resources */ = {
			isa = PBXGroup;
			children = (
				605472C422DA35DA00507202 /* Assets.xcassets */,
				605472C522DA35DA00507202 /* LaunchScreen.storyboard */,
				605472C722DA35DA00507202 /* Main.storyboard */,
				605472C922DA35DA00507202 /* Info.plist */,
			);
			path = Resources;
			sourceTree = "<group>";
		};
		605472CA22DA35DA00507202 /* Source */ = {
			isa = PBXGroup;
			children = (
				60A6711F22DC8E7200B781A1 /* State */,
				60A6711E22DC8E5800B781A1 /* Utils */,
				605472CC22DA35DA00507202 /* AppDelegate.swift */,
				605472CB22DA35DA00507202 /* SettingsController.swift */,
			);
			path = Source;
			sourceTree = "<group>";
		};
		60A6711E22DC8E5800B781A1 /* Utils */ = {
			isa = PBXGroup;
			children = (
				60A6712022DC8EA400B781A1 /* LoadingHandler.swift */,
				60A6712222DC8F1600B781A1 /* Settings.swift */,
				60A6712422DC8F4D00B781A1 /* UIStoryboard.swift */,
				60A6712622DC8F8700B781A1 /* UIViewController.swift */,
			);
			path = Utils;
			sourceTree = "<group>";
		};
		60A6711F22DC8E7200B781A1 /* State */ = {
			isa = PBXGroup;
			children = (
			);
			path = State;
			sourceTree = "<group>";
		};
/* End PBXGroup section */

/* Begin PBXNativeTarget section */
		6054729E22DA243500507202 /* StateMachine */ = {
			isa = PBXNativeTarget;
			buildConfigurationList = 605472B122DA243D00507202 /* Build configuration list for PBXNativeTarget "StateMachine" */;
			buildPhases = (
				6054729B22DA243500507202 /* Sources */,
				6054729C22DA243500507202 /* Frameworks */,
				6054729D22DA243500507202 /* Resources */,
			);
			buildRules = (
			);
			dependencies = (
			);
			name = StateMachine;
			productName = StateMachine;
			productReference = 6054729F22DA243500507202 /* StateMachine.app */;
			productType = "com.apple.product-type.application";
		};
/* End PBXNativeTarget section */

/* Begin PBXProject section */
		6054729722DA243500507202 /* Project object */ = {
			isa = PBXProject;
			attributes = {
				LastSwiftUpdateCheck = 1020;
				LastUpgradeCheck = 1020;
				ORGANIZATIONNAME = emile;
				TargetAttributes = {
					6054729E22DA243500507202 = {
						CreatedOnToolsVersion = 10.2.1;
					};
				};
			};
			buildConfigurationList = 6054729A22DA243500507202 /* Build configuration list for PBXProject "StateMachine" */;
			compatibilityVersion = "Xcode 9.3";
			developmentRegion = en;
			hasScannedForEncodings = 0;
			knownRegions = (
				en,
				Base,
			);
			mainGroup = 6054729622DA243500507202;
			productRefGroup = 605472A022DA243500507202 /* Products */;
			projectDirPath = "";
			projectRoot = "";
			targets = (
				6054729E22DA243500507202 /* StateMachine */,
			);
		};
/* End PBXProject section */

/* Begin PBXResourcesBuildPhase section */
		6054729D22DA243500507202 /* Resources */ = {
			isa = PBXResourcesBuildPhase;
			buildActionMask = 2147483647;
			files = (
				605472D022DA35DA00507202 /* Main.storyboard in Resources */,
				605472D422DA35DB00507202 /* README.md in Resources */,
				605472CE22DA35DA00507202 /* Assets.xcassets in Resources */,
				605472CF22DA35DA00507202 /* LaunchScreen.storyboard in Resources */,
			);
			runOnlyForDeploymentPostprocessing = 0;
		};
/* End PBXResourcesBuildPhase section */

/* Begin PBXSourcesBuildPhase section */
		6054729B22DA243500507202 /* Sources */ = {
			isa = PBXSourcesBuildPhase;
			buildActionMask = 2147483647;
			files = (
				60A6712522DC8F4D00B781A1 /* UIStoryboard.swift in Sources */,
				60A6712722DC8F8700B781A1 /* UIViewController.swift in Sources */,
				605472D322DA35DB00507202 /* AppDelegate.swift in Sources */,
				60A6712122DC8EA400B781A1 /* LoadingHandler.swift in Sources */,
				60A6712322DC8F1600B781A1 /* Settings.swift in Sources */,
				605472D222DA35DB00507202 /* SettingsController.swift in Sources */,
			);
			runOnlyForDeploymentPostprocessing = 0;
		};
/* End PBXSourcesBuildPhase section */

/* Begin PBXVariantGroup section */
		605472C522DA35DA00507202 /* LaunchScreen.storyboard */ = {
			isa = PBXVariantGroup;
			children = (
				605472C622DA35DA00507202 /* Base */,
			);
			name = LaunchScreen.storyboard;
			sourceTree = "<group>";
		};
		605472C722DA35DA00507202 /* Main.storyboard */ = {
			isa = PBXVariantGroup;
			children = (
				605472C822DA35DA00507202 /* Base */,
			);
			name = Main.storyboard;
			sourceTree = "<group>";
		};
/* End PBXVariantGroup section */

/* Begin XCBuildConfiguration section */
		605472AF22DA243D00507202 /* Debug */ = {
			isa = XCBuildConfiguration;
			buildSettings = {
				ALWAYS_SEARCH_USER_PATHS = NO;
				CLANG_ANALYZER_NONNULL = YES;
				CLANG_ANALYZER_NUMBER_OBJECT_CONVERSION = YES_AGGRESSIVE;
				CLANG_CXX_LANGUAGE_STANDARD = "gnu++14";
				CLANG_CXX_LIBRARY = "libc++";
				CLANG_ENABLE_MODULES = YES;
				CLANG_ENABLE_OBJC_ARC = YES;
				CLANG_ENABLE_OBJC_WEAK = YES;
				CLANG_WARN_BLOCK_CAPTURE_AUTORELEASING = YES;
				CLANG_WARN_BOOL_CONVERSION = YES;
				CLANG_WARN_COMMA = YES;
				CLANG_WARN_CONSTANT_CONVERSION = YES;
				CLANG_WARN_DEPRECATED_OBJC_IMPLEMENTATIONS = YES;
				CLANG_WARN_DIRECT_OBJC_ISA_USAGE = YES_ERROR;
				CLANG_WARN_DOCUMENTATION_COMMENTS = YES;
				CLANG_WARN_EMPTY_BODY = YES;
				CLANG_WARN_ENUM_CONVERSION = YES;
				CLANG_WARN_INFINITE_RECURSION = YES;
				CLANG_WARN_INT_CONVERSION = YES;
				CLANG_WARN_NON_LITERAL_NULL_CONVERSION = YES;
				CLANG_WARN_OBJC_IMPLICIT_RETAIN_SELF = YES;
				CLANG_WARN_OBJC_LITERAL_CONVERSION = YES;
				CLANG_WARN_OBJC_ROOT_CLASS = YES_ERROR;
				CLANG_WARN_RANGE_LOOP_ANALYSIS = YES;
				CLANG_WARN_STRICT_PROTOTYPES = YES;
				CLANG_WARN_SUSPICIOUS_MOVE = YES;
				CLANG_WARN_UNGUARDED_AVAILABILITY = YES_AGGRESSIVE;
				CLANG_WARN_UNREACHABLE_CODE = YES;
				CLANG_WARN__DUPLICATE_METHOD_MATCH = YES;
				CODE_SIGN_IDENTITY = "iPhone Developer";
				COPY_PHASE_STRIP = NO;
				DEBUG_INFORMATION_FORMAT = dwarf;
				ENABLE_STRICT_OBJC_MSGSEND = YES;
				ENABLE_TESTABILITY = YES;
				GCC_C_LANGUAGE_STANDARD = gnu11;
				GCC_DYNAMIC_NO_PIC = NO;
				GCC_NO_COMMON_BLOCKS = YES;
				GCC_OPTIMIZATION_LEVEL = 0;
				GCC_PREPROCESSOR_DEFINITIONS = (
					"DEBUG=1",
					"$(inherited)",
				);
				GCC_WARN_64_TO_32_BIT_CONVERSION = YES;
				GCC_WARN_ABOUT_RETURN_TYPE = YES_ERROR;
				GCC_WARN_UNDECLARED_SELECTOR = YES;
				GCC_WARN_UNINITIALIZED_AUTOS = YES_AGGRESSIVE;
				GCC_WARN_UNUSED_FUNCTION = YES;
				GCC_WARN_UNUSED_VARIABLE = YES;
				IPHONEOS_DEPLOYMENT_TARGET = 12.2;
				MTL_ENABLE_DEBUG_INFO = INCLUDE_SOURCE;
				MTL_FAST_MATH = YES;
				ONLY_ACTIVE_ARCH = YES;
				SDKROOT = iphoneos;
				SWIFT_ACTIVE_COMPILATION_CONDITIONS = DEBUG;
				SWIFT_OPTIMIZATION_LEVEL = "-Onone";
			};
			name = Debug;
		};
		605472B022DA243D00507202 /* Release */ = {
			isa = XCBuildConfiguration;
			buildSettings = {
				ALWAYS_SEARCH_USER_PATHS = NO;
				CLANG_ANALYZER_NONNULL = YES;
				CLANG_ANALYZER_NUMBER_OBJECT_CONVERSION = YES_AGGRESSIVE;
				CLANG_CXX_LANGUAGE_STANDARD = "gnu++14";
				CLANG_CXX_LIBRARY = "libc++";
				CLANG_ENABLE_MODULES = YES;
				CLANG_ENABLE_OBJC_ARC = YES;
				CLANG_ENABLE_OBJC_WEAK = YES;
				CLANG_WARN_BLOCK_CAPTURE_AUTORELEASING = YES;
				CLANG_WARN_BOOL_CONVERSION = YES;
				CLANG_WARN_COMMA = YES;
				CLANG_WARN_CONSTANT_CONVERSION = YES;
				CLANG_WARN_DEPRECATED_OBJC_IMPLEMENTATIONS = YES;
				CLANG_WARN_DIRECT_OBJC_ISA_USAGE = YES_ERROR;
				CLANG_WARN_DOCUMENTATION_COMMENTS = YES;
				CLANG_WARN_EMPTY_BODY = YES;
				CLANG_WARN_ENUM_CONVERSION = YES;
				CLANG_WARN_INFINITE_RECURSION = YES;
				CLANG_WARN_INT_CONVERSION = YES;
				CLANG_WARN_NON_LITERAL_NULL_CONVERSION = YES;
				CLANG_WARN_OBJC_IMPLICIT_RETAIN_SELF = YES;
				CLANG_WARN_OBJC_LITERAL_CONVERSION = YES;
				CLANG_WARN_OBJC_ROOT_CLASS = YES_ERROR;
				CLANG_WARN_RANGE_LOOP_ANALYSIS = YES;
				CLANG_WARN_STRICT_PROTOTYPES = YES;
				CLANG_WARN_SUSPICIOUS_MOVE = YES;
				CLANG_WARN_UNGUARDED_AVAILABILITY = YES_AGGRESSIVE;
				CLANG_WARN_UNREACHABLE_CODE = YES;
				CLANG_WARN__DUPLICATE_METHOD_MATCH = YES;
				CODE_SIGN_IDENTITY = "iPhone Developer";
				COPY_PHASE_STRIP = NO;
				DEBUG_INFORMATION_FORMAT = "dwarf-with-dsym";
				ENABLE_NS_ASSERTIONS = NO;
				ENABLE_STRICT_OBJC_MSGSEND = YES;
				GCC_C_LANGUAGE_STANDARD = gnu11;
				GCC_NO_COMMON_BLOCKS = YES;
				GCC_WARN_64_TO_32_BIT_CONVERSION = YES;
				GCC_WARN_ABOUT_RETURN_TYPE = YES_ERROR;
				GCC_WARN_UNDECLARED_SELECTOR = YES;
				GCC_WARN_UNINITIALIZED_AUTOS = YES_AGGRESSIVE;
				GCC_WARN_UNUSED_FUNCTION = YES;
				GCC_WARN_UNUSED_VARIABLE = YES;
				IPHONEOS_DEPLOYMENT_TARGET = 12.2;
				MTL_ENABLE_DEBUG_INFO = NO;
				MTL_FAST_MATH = YES;
				SDKROOT = iphoneos;
				SWIFT_COMPILATION_MODE = wholemodule;
				SWIFT_OPTIMIZATION_LEVEL = "-O";
				VALIDATE_PRODUCT = YES;
			};
			name = Release;
		};
		605472B222DA243D00507202 /* Debug */ = {
			isa = XCBuildConfiguration;
			buildSettings = {
				ASSETCATALOG_COMPILER_APPICON_NAME = AppIcon;
				CODE_SIGN_STYLE = Automatic;
				DEVELOPMENT_TEAM = 7R2H7J9PW2;
				INFOPLIST_FILE = "$(SRCROOT)/Resources/Info.plist";
				LD_RUNPATH_SEARCH_PATHS = (
					"$(inherited)",
					"@executable_path/Frameworks",
				);
				PRODUCT_BUNDLE_IDENTIFIER = com.blueantcorp.StateMachine;
				PRODUCT_NAME = "$(TARGET_NAME)";
				SWIFT_VERSION = 5.0;
				TARGETED_DEVICE_FAMILY = "1,2";
			};
			name = Debug;
		};
		605472B322DA243D00507202 /* Release */ = {
			isa = XCBuildConfiguration;
			buildSettings = {
				ASSETCATALOG_COMPILER_APPICON_NAME = AppIcon;
				CODE_SIGN_STYLE = Automatic;
				DEVELOPMENT_TEAM = 7R2H7J9PW2;
				INFOPLIST_FILE = "$(SRCROOT)/Resources/Info.plist";
				LD_RUNPATH_SEARCH_PATHS = (
					"$(inherited)",
					"@executable_path/Frameworks",
				);
				PRODUCT_BUNDLE_IDENTIFIER = com.blueantcorp.StateMachine;
				PRODUCT_NAME = "$(TARGET_NAME)";
				SWIFT_VERSION = 5.0;
				TARGETED_DEVICE_FAMILY = "1,2";
			};
			name = Release;
		};
/* End XCBuildConfiguration section */

/* Begin XCConfigurationList section */
		6054729A22DA243500507202 /* Build configuration list for PBXProject "StateMachine" */ = {
			isa = XCConfigurationList;
			buildConfigurations = (
				605472AF22DA243D00507202 /* Debug */,
				605472B022DA243D00507202 /* Release */,
			);
			defaultConfigurationIsVisible = 0;
			defaultConfigurationName = Release;
		};
		605472B122DA243D00507202 /* Build configuration list for PBXNativeTarget "StateMachine" */ = {
			isa = XCConfigurationList;
			buildConfigurations = (
				605472B222DA243D00507202 /* Debug */,
				605472B322DA243D00507202 /* Release */,
			);
			defaultConfigurationIsVisible = 0;
			defaultConfigurationName = Release;
		};
/* End XCConfigurationList section */
	};
	rootObject = 6054729722DA243500507202 /* Project object */;
}
